{
  "requires": true,
  "lockfileVersion": 1,
  "dependencies": {
    "@emmetio/css-parser": {
      "version": "github:ramya-rao-a/css-parser#370c480ac103bd17c7bcfb34bf5d577dc40d3660",
      "from": "github:ramya-rao-a/css-parser#vscode",
      "requires": {
        "@emmetio/stream-reader": "^2.2.0",
        "@emmetio/stream-reader-utils": "^0.1.0"
      }
    },
    "@emmetio/extract-abbreviation": {
      "version": "0.1.6",
      "resolved": "https://registry.npmjs.org/@emmetio/extract-abbreviation/-/extract-abbreviation-0.1.6.tgz",
      "integrity": "sha512-Ce3xE2JvTSEbASFbRbA1gAIcMcZWdS2yUYRaQbeM0nbOzaZrUYfa3ePtcriYRZOZmr+CkKA+zbjhvTpIOAYVcw=="
    },
    "@emmetio/html-matcher": {
      "version": "0.3.3",
      "resolved": "https://registry.npmjs.org/@emmetio/html-matcher/-/html-matcher-0.3.3.tgz",
      "integrity": "sha1-C72twIguGFlQ8Dc33G2/j3vZByg=",
      "requires": {
        "@emmetio/stream-reader": "^2.0.0",
        "@emmetio/stream-reader-utils": "^0.1.0"
      }
    },
    "@emmetio/math-expression": {
      "version": "0.1.1",
      "resolved": "https://registry.npmjs.org/@emmetio/math-expression/-/math-expression-0.1.1.tgz",
      "integrity": "sha1-H/LH8FgA9kxXyokDjuGLzp9Xdtw=",
      "requires": {
        "@emmetio/stream-reader": "^2.0.1",
        "@emmetio/stream-reader-utils": "^0.1.0"
      }
    },
    "@emmetio/stream-reader": {
      "version": "2.2.0",
      "resolved": "https://registry.npmjs.org/@emmetio/stream-reader/-/stream-reader-2.2.0.tgz",
      "integrity": "sha1-Rs/+oRmgoAMxKiHC2bVijLX81EI="
    },
    "@emmetio/stream-reader-utils": {
      "version": "0.1.0",
      "resolved": "https://registry.npmjs.org/@emmetio/stream-reader-utils/-/stream-reader-utils-0.1.0.tgz",
      "integrity": "sha1-JEywLHfsLnT3ipvTGCGKvJxQCmE="
    },
    "@theia/vscode-builtin-emmet": {
      "version": "0.1.0",
      "resolved": "https://registry.npmjs.org/@theia/vscode-builtin-emmet/-/vscode-builtin-emmet-0.1.0.tgz",
      "integrity": "sha512-dQKhRT5/pp1VAsd0glF69Yt4OZ4JE3tGM2CGvjSE2eE1GJckbQHnQTGvKd6BSVBhXMGYKta1ynbBf0Q/a36mpQ==",
      "requires": {
        "@emmetio/css-parser": "github:ramya-rao-a/css-parser#370c480ac103bd17c7bcfb34bf5d577dc40d3660",
        "@emmetio/html-matcher": "^0.3.3",
        "@emmetio/math-expression": "^0.1.1",
        "image-size": "^0.5.2",
        "vscode-emmet-helper": "^1.2.12"
      }
    },
    "image-size": {
      "version": "0.5.5",
      "resolved": "https://registry.npmjs.org/image-size/-/image-size-0.5.5.tgz",
      "integrity": "sha1-Cd/Uq50g4p6xw+gLiZA3jfnjy5w="
    },
    "jsonc-parser": {
      "version": "1.0.3",
      "resolved": "https://registry.npmjs.org/jsonc-parser/-/jsonc-parser-1.0.3.tgz",
      "integrity": "sha512-hk/69oAeaIzchq/v3lS50PXuzn5O2ynldopMC+SWBql7J2WtdptfB9dy8Y7+Og5rPkTCpn83zTiO8FMcqlXJ/g=="
    },
    "vscode-emmet-helper": {
      "version": "1.2.15",
      "resolved": "https://registry.npmjs.org/vscode-emmet-helper/-/vscode-emmet-helper-1.2.15.tgz",
      "integrity": "sha512-JplvmMMWSvm/6/dZezix2ADPM49u6YahPYjs/QToohUpomW/2Eb27ecCrkCyOGBPfKLKGiOPHCssss8TSDA9ag==",
      "requires": {
        "@emmetio/extract-abbreviation": "0.1.6",
        "jsonc-parser": "^1.0.0",
        "vscode-languageserver-types": "^3.6.0-next.1"
      }
    },
    "vscode-languageserver-types": {
      "version": "3.14.0",
      "resolved": "https://registry.npmjs.org/vscode-languageserver-types/-/vscode-languageserver-types-3.14.0.tgz",
      "integrity": "sha512-lTmS6AlAlMHOvPQemVwo3CezxBp0sNB95KNPkqp3Nxd5VFEnuG1ByM0zlRWos0zjO3ZWtkvhal0COgiV1xIA4A=="
    }
  }
}
